{
  "name": "seven-seas",
  "version": "1.0.0",
  "lockfileVersion": 3,
  "requires": true,
  "packages": {
    "": {
      "name": "seven-seas",
      "version": "1.0.0",
      "license": "ISC",
      "devDependencies": {
        "rollup": "^2.4.0"
      }
    },
    "node_modules/fsevents": {
      "version": "2.1.3",
      "resolved": "https://registry.npmjs.org/fsevents/-/fsevents-2.1.3.tgz",
      "integrity": "sha512-Auw9a4AxqWpa9GUfj370BMPzzyncfBABW8Mab7BGWBYDj4Isgq+cDKtx0i6u9jcX9pQDnswsaaOTgTmA5pEjuQ==",
      "dev": true,
      "hasInstallScript": true,
      "license": "MIT",
      "optional": true,
      "os": [
        "darwin"
      ],
      "engines": {
        "node": "^8.16.0 || ^10.6.0 || >=11.0.0"
      }
    },
    "node_modules/rollup": {
      "version": "2.4.0",
      "resolved": "https://registry.npmjs.org/rollup/-/rollup-2.4.0.tgz",
      "integrity": "sha512-dYE2ZKl9+kxuFKDaaSuauZjIPa8hcKDqI7WrOq1pTXYG4GJw+6ypLifGIvCKw5yJpSmuFohuimYpg0wfRXTCLw==",
      "dev": true,
      "license": "MIT",
      "bin": {
        "rollup": "dist/bin/rollup"
      },
      "engines": {
        "node": ">=10.0.0"
      },
      "optionalDependencies": {
        "fsevents": "~2.1.2"
      }
    }
  }
}
